
Microsoft Visual Studio Solution File, Format Version 12.00
# Visual Studio Version 17
VisualStudioVersion = 17.5.002.0
MinimumVisualStudioVersion = 10.0.40219.1
Project("{9A19103F-16F7-4668-BE54-9A1E7A4F7556}") = "hello-dotnet", "hello-dotnet.csproj", "{B6E015A7-E193-450A-9F1C-5C7511D0C280}"
EndProject
Global
	GlobalSection(SolutionConfigurationPlatforms) = preSolution
		Debug|Any CPU = Debug|Any CPU
		Release|Any CPU = Release|Any CPU
	EndGlobalSection
	GlobalSection(ProjectConfigurationPlatforms) = postSolution
		{B6E015A7-E193-450A-9F1C-5C7511D0C280}.Debug|Any CPU.ActiveCfg = Debug|Any CPU
		{B6E015A7-E193-450A-9F1C-5C7511D0C280}.Debug|Any CPU.Build.0 = Debug|Any CPU
		{B6E015A7-E193-450A-9F1C-5C7511D0C280}.Release|Any CPU.ActiveCfg = Release|Any CPU
		{B6E015A7-E193-450A-9F1C-5C7511D0C280}.Release|Any CPU.Build.0 = Release|Any CPU
	EndGlobalSection
	GlobalSection(SolutionProperties) = preSolution
		HideSolutionNode = FALSE
	EndGlobalSection
	GlobalSection(ExtensibilityGlobals) = postSolution
		SolutionGuid = {990B3810-9F0A-4EFC-B357-AC756056E670}
	EndGlobalSection
EndGlobal
